
Microsoft Visual Studio Solution File, Format Version 12.00
# Visual Studio Version 17
VisualStudioVersion = 17.9.34728.123
MinimumVisualStudioVersion = 10.0.40219.1
Project("{FAE04EC0-301F-11D3-BF4B-00C04F79EFBC}") = "StudentApi", "StudentApi.csproj", "{5EA275AD-4777-4427-A430-D3A0323B8A07}"
EndProject
Global
	GlobalSection(SolutionConfigurationPlatforms) = preSolution
		Debug|Any CPU = Debug|Any CPU
		Release|Any CPU = Release|Any CPU
	EndGlobalSection
	GlobalSection(ProjectConfigurationPlatforms) = postSolution
		{5EA275AD-4777-4427-A430-D3A0323B8A07}.Debug|Any CPU.ActiveCfg = Debug|Any CPU
		{5EA275AD-4777-4427-A430-D3A0323B8A07}.Debug|Any CPU.Build.0 = Debug|Any CPU
		{5EA275AD-4777-4427-A430-D3A0323B8A07}.Release|Any CPU.ActiveCfg = Release|Any CPU
		{5EA275AD-4777-4427-A430-D3A0323B8A07}.Release|Any CPU.Build.0 = Release|Any CPU
	EndGlobalSection
	GlobalSection(SolutionProperties) = preSolution
		HideSolutionNode = FALSE
	EndGlobalSection
	GlobalSection(ExtensibilityGlobals) = postSolution
		SolutionGuid = {BA96FBF8-6553-44CD-88B5-0DF60CB27390}
	EndGlobalSection
EndGlobal
